
Microsoft Visual Studio Solution File, Format Version 12.00
# Visual Studio Version 17
VisualStudioVersion = 17.8.34309.116
MinimumVisualStudioVersion = 10.0.40219.1
Project("{9A19103F-16F7-4668-BE54-9A1E7A4F7556}") = "Day1", "Day1\Day1.csproj", "{E74F1F34-9772-4D8D-9F8B-4E9068A198F2}"
EndProject
Project("{9A19103F-16F7-4668-BE54-9A1E7A4F7556}") = "Utils", "Utils\Utils.csproj", "{819291E5-BD8D-4ACE-BE00-49618C318B1F}"
EndProject
Project("{9A19103F-16F7-4668-BE54-9A1E7A4F7556}") = "Day2", "Day2\Day2.csproj", "{10C74DC6-2584-42AE-80C0-5516F9263217}"
EndProject
Project("{9A19103F-16F7-4668-BE54-9A1E7A4F7556}") = "Day3", "Day3\Day3.csproj", "{7A00E5E7-95BE-4C62-B15F-F335380BCF75}"
EndProject
Project("{9A19103F-16F7-4668-BE54-9A1E7A4F7556}") = "Day6", "Day6\Day6.csproj", "{A88C60D2-EB08-4A2A-933C-053047279F7C}"
EndProject
Project("{9A19103F-16F7-4668-BE54-9A1E7A4F7556}") = "Day5", "Day5\Day5.csproj", "{578274D6-E328-425E-A55F-DC580DC1D843}"
EndProject
Project("{FAE04EC0-301F-11D3-BF4B-00C04F79EFBC}") = "Day7", "Day7\Day7.csproj", "{B9C6BF07-0A14-4090-B66D-1BF7E182A0D7}"
EndProject
Global
	GlobalSection(SolutionConfigurationPlatforms) = preSolution
		Debug|Any CPU = Debug|Any CPU
		Release|Any CPU = Release|Any CPU
	EndGlobalSection
	GlobalSection(ProjectConfigurationPlatforms) = postSolution
		{E74F1F34-9772-4D8D-9F8B-4E9068A198F2}.Debug|Any CPU.ActiveCfg = Debug|Any CPU
		{E74F1F34-9772-4D8D-9F8B-4E9068A198F2}.Debug|Any CPU.Build.0 = Debug|Any CPU
		{E74F1F34-9772-4D8D-9F8B-4E9068A198F2}.Release|Any CPU.ActiveCfg = Release|Any CPU
		{E74F1F34-9772-4D8D-9F8B-4E9068A198F2}.Release|Any CPU.Build.0 = Release|Any CPU
		{819291E5-BD8D-4ACE-BE00-49618C318B1F}.Debug|Any CPU.ActiveCfg = Debug|Any CPU
		{819291E5-BD8D-4ACE-BE00-49618C318B1F}.Debug|Any CPU.Build.0 = Debug|Any CPU
		{819291E5-BD8D-4ACE-BE00-49618C318B1F}.Release|Any CPU.ActiveCfg = Release|Any CPU
		{819291E5-BD8D-4ACE-BE00-49618C318B1F}.Release|Any CPU.Build.0 = Release|Any CPU
		{10C74DC6-2584-42AE-80C0-5516F9263217}.Debug|Any CPU.ActiveCfg = Debug|Any CPU
		{10C74DC6-2584-42AE-80C0-5516F9263217}.Debug|Any CPU.Build.0 = Debug|Any CPU
		{10C74DC6-2584-42AE-80C0-5516F9263217}.Release|Any CPU.ActiveCfg = Release|Any CPU
		{10C74DC6-2584-42AE-80C0-5516F9263217}.Release|Any CPU.Build.0 = Release|Any CPU
		{7A00E5E7-95BE-4C62-B15F-F335380BCF75}.Debug|Any CPU.ActiveCfg = Debug|Any CPU
		{7A00E5E7-95BE-4C62-B15F-F335380BCF75}.Debug|Any CPU.Build.0 = Debug|Any CPU
		{7A00E5E7-95BE-4C62-B15F-F335380BCF75}.Release|Any CPU.ActiveCfg = Release|Any CPU
		{7A00E5E7-95BE-4C62-B15F-F335380BCF75}.Release|Any CPU.Build.0 = Release|Any CPU
		{A88C60D2-EB08-4A2A-933C-053047279F7C}.Debug|Any CPU.ActiveCfg = Debug|Any CPU
		{A88C60D2-EB08-4A2A-933C-053047279F7C}.Debug|Any CPU.Build.0 = Debug|Any CPU
		{A88C60D2-EB08-4A2A-933C-053047279F7C}.Release|Any CPU.ActiveCfg = Release|Any CPU
		{A88C60D2-EB08-4A2A-933C-053047279F7C}.Release|Any CPU.Build.0 = Release|Any CPU
		{578274D6-E328-425E-A55F-DC580DC1D843}.Debug|Any CPU.ActiveCfg = Debug|Any CPU
		{578274D6-E328-425E-A55F-DC580DC1D843}.Debug|Any CPU.Build.0 = Debug|Any CPU
		{578274D6-E328-425E-A55F-DC580DC1D843}.Release|Any CPU.ActiveCfg = Release|Any CPU
		{578274D6-E328-425E-A55F-DC580DC1D843}.Release|Any CPU.Build.0 = Release|Any CPU
		{B9C6BF07-0A14-4090-B66D-1BF7E182A0D7}.Debug|Any CPU.ActiveCfg = Debug|Any CPU
		{B9C6BF07-0A14-4090-B66D-1BF7E182A0D7}.Debug|Any CPU.Build.0 = Debug|Any CPU
		{B9C6BF07-0A14-4090-B66D-1BF7E182A0D7}.Release|Any CPU.ActiveCfg = Release|Any CPU
		{B9C6BF07-0A14-4090-B66D-1BF7E182A0D7}.Release|Any CPU.Build.0 = Release|Any CPU
	EndGlobalSection
	GlobalSection(SolutionProperties) = preSolution
		HideSolutionNode = FALSE
	EndGlobalSection
	GlobalSection(ExtensibilityGlobals) = postSolution
		SolutionGuid = {68644D6F-6447-480A-B40B-9FDDC453DF6A}
	EndGlobalSection
EndGlobal
